github.com/hornbill/color v0.0.0-20160224221155-4f7bcef27eec h1:AUmaJ3y02otM3vjxEJTRZnQq1pnXKIxeIRt7kfeGB5Y=
github.com/hornbill/color v0.0.0-20160224221155-4f7bcef27eec/go.mod h1:gUJp2IQ2Vl5ct+4uOBj5uvqRHB9erft9Nbchrdr/vVc=
github.com/hornbill/goApiLib v0.0.0-20210702135347-bcef2b442dbc h1:8MaZBmb1wbfaYP+S6Hm6vDLxnlnfJcsRN8t5RdA+W6I=
github.com/hornbill/goApiLib v0.0.0-20210702135347-bcef2b442dbc/go.mod h1:CbxTQVBE4NWPfLP2+d9TWZk7luhH6ZyDK1UHlvzvxPs=
github.com/hornbill/goHornbillHelpers v0.0.0-20190110171921-6d8d037ec1e8 h1:fjgIfY8P/v8ZvSC4VctbwGZx7JkTL13OoxHG/wgcbTE=
github.com/hornbill/goHornbillHelpers v0.0.0-20190110171921-6d8d037ec1e8/go.mod h1:EXurYUZwP4QD99G56n+3QA/gXA4rKI+d8G1oH1WksGg=
github.com/hornbill/pb v0.0.0-20151205101406-5d91ad42e9c1 h1:OWIO8KSvgslE/WKW8u4ZWmL87Mpzl+LX5fN44zsJyLg=
github.com/hornbill/pb v0.0.0-20151205101406-5d91ad42e9c1/go.mod h1:LPUO7oNxZ7+00hQYmOTI65eaP1zYrDFq+189ZZMkSiU=
github.com/mattn/go-colorable v0.1.8 h1:c1ghPdyEDarC70ftn0y+A/Ee++9zz8ljHG1b13eJ0s8=
github.com/mattn/go-colorable v0.1.8/go.mod h1:u6P/XSegPjTcexA+o6vUJrdnUu04hMope9wVRipJSqc=
github.com/mattn/go-isatty v0.0.12/go.mod h1:cbi8OIDigv2wuxKPP5vlRcQ1OAZbq2CE4Kysco4FUpU=
github.com/mattn/go-isatty v0.0.13 h1:qdl+GuBjcsKKDco5BsxPJlId98mSWNKqYA+Co0SC1yA=
github.com/mattn/go-isatty v0.0.13/go.mod h1:cbi8OIDigv2wuxKPP5vlRcQ1OAZbq2CE4Kysco4FUpU=
github.com/olekukonko/ts v0.0.0-20171002115256-78ecb04241c0 h1:LiZB1h0GIcudcDci2bxbqI6DXV8bF8POAnArqvRrIyw=
github.com/olekukonko/ts v0.0.0-20171002115256-78ecb04241c0/go.mod h1:F/7q8/HZz+TXjlsoZQQKVYvXTZaFH4QRa3y+j1p7MS0=
golang.org/x/sys v0.0.0-20200116001909-b77594299b42/go.mod h1:h1NjWce9XRLGQEsW7wpKNCjG9DtNlClVuFLEZdDNbEs=
golang.org/x/sys v0.0.0-20200223170610-d5e6a3e2c0ae/go.mod h1:h1NjWce9XRLGQEsW7wpKNCjG9DtNlClVuFLEZdDNbEs=
golang.org/x/sys v0.0.0-20210630005230-0f9fa26af87c h1:F1jZWGFhYfh0Ci55sIpILtKKK8p3i2/krTr0H1rg74I=
golang.org/x/sys v0.0.0-20210630005230-0f9fa26af87c/go.mod h1:oPkhp1MJrh7nUepCBck5+mAzfO9JrbApNNgaTdGDITg=
